{
  "lockfile_version": "1",
  "packages": {
    "argocd@latest": {
      "last_modified": "2024-05-04T07:54:21Z",
      "resolved": "github:NixOS/nixpkgs/d32560238207b8e26d88b265207b216ee46b8450#argocd",
      "source": "devbox-search",
      "version": "2.10.9",
      "systems": {
        "aarch64-darwin": {
          "outputs": [
            {
              "name": "out",
              "path": "/nix/store/88xjywxrr2ma45qafdkz92pba5f4r0pl-argocd-2.10.9",
              "default": true
            }
          ],
          "store_path": "/nix/store/88xjywxrr2ma45qafdkz92pba5f4r0pl-argocd-2.10.9"
        },
        "aarch64-linux": {
          "outputs": [
            {
              "name": "out",
              "path": "/nix/store/19hrn95jqbk2cdnxvri427dkq2k2f4x4-argocd-2.10.9",
              "default": true
            }
          ],
          "store_path": "/nix/store/19hrn95jqbk2cdnxvri427dkq2k2f4x4-argocd-2.10.9"
        },
        "x86_64-darwin": {
          "outputs": [
            {
              "name": "out",
              "path": "/nix/store/09vn1kww8qgm4dcbbl0n8n7rzp02wjns-argocd-2.10.9",
              "default": true
            }
          ],
          "store_path": "/nix/store/09vn1kww8qgm4dcbbl0n8n7rzp02wjns-argocd-2.10.9"
        },
        "x86_64-linux": {
          "outputs": [
            {
              "name": "out",
              "path": "/nix/store/dv7frbpb9c8y49n822z5zabn6havcxzb-argocd-2.10.9",
              "default": true
            }
          ],
          "store_path": "/nix/store/dv7frbpb9c8y49n822z5zabn6havcxzb-argocd-2.10.9"
        }
      }
    },
    "fluxcd@latest": {
      "last_modified": "2024-04-19T21:36:04Z",
      "resolved": "github:NixOS/nixpkgs/92d295f588631b0db2da509f381b4fb1e74173c5#fluxcd",
      "source": "devbox-search",
      "version": "2.2.3",
      "systems": {
        "aarch64-darwin": {
          "outputs": [
            {
              "name": "out",
              "path": "/nix/store/mi66zhji6zg64fa470545b09418zid93-fluxcd-2.2.3",
              "default": true
            }
          ],
          "store_path": "/nix/store/mi66zhji6zg64fa470545b09418zid93-fluxcd-2.2.3"
        },
        "aarch64-linux": {
          "outputs": [
            {
              "name": "out",
              "path": "/nix/store/gvaj90wbg842qc12gxgb90vcia3q72r7-fluxcd-2.2.3",
              "default": true
            }
          ],
          "store_path": "/nix/store/gvaj90wbg842qc12gxgb90vcia3q72r7-fluxcd-2.2.3"
        },
        "x86_64-darwin": {
          "outputs": [
            {
              "name": "out",
              "path": "/nix/store/qamvmd1sg71s56z4849wk99qxk7xcqmy-fluxcd-2.2.3",
              "default": true
            }
          ],
          "store_path": "/nix/store/qamvmd1sg71s56z4849wk99qxk7xcqmy-fluxcd-2.2.3"
        },
        "x86_64-linux": {
          "outputs": [
            {
              "name": "out",
              "path": "/nix/store/z576q0i8mxgs2i70f6f7kwxjhdgq7b2w-fluxcd-2.2.3",
              "default": true
            }
          ],
          "store_path": "/nix/store/z576q0i8mxgs2i70f6f7kwxjhdgq7b2w-fluxcd-2.2.3"
        }
      }
    },
    "just@latest": {
      "last_modified": "2024-05-01T20:12:28Z",
      "resolved": "github:NixOS/nixpkgs/1c74cc292b61614e74c1cf0d372f79d57fb4936b#just",
      "source": "devbox-search",
      "version": "1.25.2",
      "systems": {
        "aarch64-darwin": {
          "outputs": [
            {
              "name": "out",
              "path": "/nix/store/z65fyiw9sgg9ywxb16kzgjn4335bkdgk-just-1.25.2",
              "default": true
            },
            {
              "name": "man",
              "path": "/nix/store/igxiip2bywwgk97bcfmz8rfhcwalnabp-just-1.25.2-man",
              "default": true
            },
            {
              "name": "doc",
              "path": "/nix/store/4v3vhnbgwvar7qbr4iy00gqqf1zfrrsq-just-1.25.2-doc"
            }
          ],
          "store_path": "/nix/store/z65fyiw9sgg9ywxb16kzgjn4335bkdgk-just-1.25.2"
        },
        "aarch64-linux": {
          "outputs": [
            {
              "name": "out",
              "path": "/nix/store/ya5l2p4s8122gal35impls0hxqvgikq7-just-1.25.2",
              "default": true
            },
            {
              "name": "man",
              "path": "/nix/store/qwqvkd7sdfv0y8ja6yrszh41ddb1lbab-just-1.25.2-man",
              "default": true
            },
            {
              "name": "doc",
              "path": "/nix/store/wgnh87vfdmnvs7wav321sg2frpdrxi8w-just-1.25.2-doc"
            }
          ],
          "store_path": "/nix/store/ya5l2p4s8122gal35impls0hxqvgikq7-just-1.25.2"
        },
        "x86_64-darwin": {
          "outputs": [
            {
              "name": "out",
              "path": "/nix/store/hkh658l8gszli0fcbn0c27fidwcx6skc-just-1.25.2",
              "default": true
            },
            {
              "name": "man",
              "path": "/nix/store/rq5p2xipbhqhm0321plymlxvdh4qwyhy-just-1.25.2-man",
              "default": true
            },
            {
              "name": "doc",
              "path": "/nix/store/mrirhr3b4jmlyrj4hmmidby83bc65dll-just-1.25.2-doc"
            }
          ],
          "store_path": "/nix/store/hkh658l8gszli0fcbn0c27fidwcx6skc-just-1.25.2"
        },
        "x86_64-linux": {
          "outputs": [
            {
              "name": "out",
              "path": "/nix/store/c6cqyrlg6d7jmy66bqksnx5cilyc4qca-just-1.25.2",
              "default": true
            },
            {
              "name": "man",
              "path": "/nix/store/sd8ckxya5sj5vmksamydxj8qazxismwg-just-1.25.2-man",
              "default": true
            },
            {
              "name": "doc",
              "path": "/nix/store/8fhmvajf7fajhgwgapmdn09j3742lbg6-just-1.25.2-doc"
            }
          ],
          "store_path": "/nix/store/c6cqyrlg6d7jmy66bqksnx5cilyc4qca-just-1.25.2"
        }
      }
    },
    "kubectl@latest": {
      "last_modified": "2024-05-01T20:12:28Z",
      "resolved": "github:NixOS/nixpkgs/1c74cc292b61614e74c1cf0d372f79d57fb4936b#kubectl",
      "source": "devbox-search",
      "version": "1.30.0",
      "systems": {
        "aarch64-darwin": {
          "outputs": [
            {
              "name": "out",
              "path": "/nix/store/37l125fmsqjlgzg6nkv84kbq0bdfdn09-kubectl-1.30.0",
              "default": true
            },
            {
              "name": "man",
              "path": "/nix/store/vcjzq65cqyrzcfmjzsj42hrw3x45mk8s-kubectl-1.30.0-man",
              "default": true
            },
            {
              "name": "convert",
              "path": "/nix/store/6fx7d4rwmkvsbzkxl395r1y5401386yr-kubectl-1.30.0-convert"
            }
          ],
          "store_path": "/nix/store/37l125fmsqjlgzg6nkv84kbq0bdfdn09-kubectl-1.30.0"
        },
        "aarch64-linux": {
          "outputs": [
            {
              "name": "out",
              "path": "/nix/store/4a98phl70hikpm36rckavmh02fbxr4ba-kubectl-1.30.0",
              "default": true
            },
            {
              "name": "man",
              "path": "/nix/store/frcv2xncx8dch2d0yvyf7cx9l3lk1pds-kubectl-1.30.0-man",
              "default": true
            },
            {
              "name": "convert",
              "path": "/nix/store/dxjbf5vx8ssrim4c4chlfqs7xzqd9bas-kubectl-1.30.0-convert"
            }
          ],
          "store_path": "/nix/store/4a98phl70hikpm36rckavmh02fbxr4ba-kubectl-1.30.0"
        },
        "x86_64-darwin": {
          "outputs": [
            {
              "name": "out",
              "path": "/nix/store/kzi7bl9hpgn5c9i7pcq2cby92gwighaj-kubectl-1.30.0",
              "default": true
            },
            {
              "name": "man",
              "path": "/nix/store/1f08fr3w6ba623fb4n56s2dk7mrmpb0h-kubectl-1.30.0-man",
              "default": true
            },
            {
              "name": "convert",
              "path": "/nix/store/739cc0ccyia6410bhrxg2iv1qj0zqjsz-kubectl-1.30.0-convert"
            }
          ],
          "store_path": "/nix/store/kzi7bl9hpgn5c9i7pcq2cby92gwighaj-kubectl-1.30.0"
        },
        "x86_64-linux": {
          "outputs": [
            {
              "name": "out",
              "path": "/nix/store/r5gah9impdhsi9f5hsbg32xqfqsajh90-kubectl-1.30.0",
              "default": true
            },
            {
              "name": "man",
              "path": "/nix/store/6r4jpknb24y1x83wrrind0b0h1as07a4-kubectl-1.30.0-man",
              "default": true
            },
            {
              "name": "convert",
              "path": "/nix/store/4hbqv5y1h7hw88xkjrbgr0gn8p7pwszp-kubectl-1.30.0-convert"
            }
          ],
          "store_path": "/nix/store/r5gah9impdhsi9f5hsbg32xqfqsajh90-kubectl-1.30.0"
        }
      }
    },
    "nodejs@22": {
      "last_modified": "2024-04-26T00:29:51Z",
      "plugin_version": "0.0.2",
      "resolved": "github:NixOS/nixpkgs/4c86138ce486d601d956a165e2f7a0fc029a03c1#nodejs_22",
      "source": "devbox-search",
      "version": "22.0.0",
      "systems": {
        "aarch64-darwin": {
          "outputs": [
            {
              "name": "out",
              "path": "/nix/store/972dscdvkqhr81j2w1c74vlx2y4kfyzh-nodejs-22.0.0",
              "default": true
            },
            {
              "name": "libv8",
              "path": "/nix/store/z5fns5qrp1s53kys1v0bxfz2lk407773-nodejs-22.0.0-libv8"
            }
          ],
          "store_path": "/nix/store/972dscdvkqhr81j2w1c74vlx2y4kfyzh-nodejs-22.0.0"
        },
        "aarch64-linux": {
          "outputs": [
            {
              "name": "out",
              "path": "/nix/store/hcg06mvvlc7b33mg1zs2s4w3l32xpbvq-nodejs-22.0.0",
              "default": true
            },
            {
              "name": "libv8",
              "path": "/nix/store/8b9dlk35wy6x3sx6ld89ky7p41pwir99-nodejs-22.0.0-libv8"
            }
          ],
          "store_path": "/nix/store/hcg06mvvlc7b33mg1zs2s4w3l32xpbvq-nodejs-22.0.0"
        },
        "x86_64-darwin": {
          "outputs": [
            {
              "name": "out",
              "path": "/nix/store/3776rlwv2q8fvgh6lhi44v0gxck1hkqx-nodejs-22.0.0",
              "default": true
            },
            {
              "name": "libv8",
              "path": "/nix/store/3vhll9yxmcabk6lv6yz14ixixpim5j4a-nodejs-22.0.0-libv8"
            }
          ],
          "store_path": "/nix/store/3776rlwv2q8fvgh6lhi44v0gxck1hkqx-nodejs-22.0.0"
        },
        "x86_64-linux": {
          "outputs": [
            {
              "name": "out",
              "path": "/nix/store/nx76dx71yjni4bajdn9pshxqs38lkj29-nodejs-22.0.0",
              "default": true
            },
            {
              "name": "libv8",
              "path": "/nix/store/xakj3aq9bzxyvanpy6yfqg1ghmjjnkri-nodejs-22.0.0-libv8"
            }
          ],
          "store_path": "/nix/store/nx76dx71yjni4bajdn9pshxqs38lkj29-nodejs-22.0.0"
        }
      }
    },
    "pulumi-bin@latest": {
      "last_modified": "2024-04-19T21:36:04Z",
      "resolved": "github:NixOS/nixpkgs/92d295f588631b0db2da509f381b4fb1e74173c5#pulumi-bin",
      "source": "devbox-search",
      "version": "3.112.0",
      "systems": {
        "aarch64-darwin": {
          "outputs": [
            {
              "name": "out",
              "path": "/nix/store/c689cghjayr8x5bzg8ira4vffp94lvw3-pulumi-3.112.0",
              "default": true
            }
          ],
          "store_path": "/nix/store/c689cghjayr8x5bzg8ira4vffp94lvw3-pulumi-3.112.0"
        },
        "aarch64-linux": {
          "outputs": [
            {
              "name": "out",
              "path": "/nix/store/46bgcnzfjgzv0ccc5m7iaf0mkvf5xm5a-pulumi-3.112.0",
              "default": true
            }
          ],
          "store_path": "/nix/store/46bgcnzfjgzv0ccc5m7iaf0mkvf5xm5a-pulumi-3.112.0"
        },
        "x86_64-darwin": {
          "outputs": [
            {
              "name": "out",
              "path": "/nix/store/a749p8ppq085azkrd8ljdvbr42q4ybrr-pulumi-3.112.0",
              "default": true
            }
          ],
          "store_path": "/nix/store/a749p8ppq085azkrd8ljdvbr42q4ybrr-pulumi-3.112.0"
        },
        "x86_64-linux": {
          "outputs": [
            {
              "name": "out",
              "path": "/nix/store/4cdd02zhgrb5m71ysnrjllm3253hr4an-pulumi-3.112.0",
              "default": true
            }
          ],
          "store_path": "/nix/store/4cdd02zhgrb5m71ysnrjllm3253hr4an-pulumi-3.112.0"
        }
      }
    }
  }
}
