{
  "lockfile_version": "1",
  "packages": {
    "argocd@latest": {
      "last_modified": "2024-05-13T18:06:16Z",
      "resolved": "github:NixOS/nixpkgs/1daef0114a6074be56586f2cf81898ed142e1e44#argocd",
      "source": "devbox-search",
      "version": "2.11.0",
      "systems": {
        "aarch64-darwin": {
          "outputs": [
            {
              "name": "out",
              "path": "/nix/store/2dbg91fv9x68cda304lryb27jnqax7v6-argocd-2.11.0",
              "default": true
            }
          ],
          "store_path": "/nix/store/2dbg91fv9x68cda304lryb27jnqax7v6-argocd-2.11.0"
        },
        "aarch64-linux": {
          "outputs": [
            {
              "name": "out",
              "path": "/nix/store/zm0m3x52iq1wgdy7809dhc17k4hk7i93-argocd-2.11.0",
              "default": true
            }
          ],
          "store_path": "/nix/store/zm0m3x52iq1wgdy7809dhc17k4hk7i93-argocd-2.11.0"
        },
        "x86_64-darwin": {
          "outputs": [
            {
              "name": "out",
              "path": "/nix/store/2l1zd0b0pk6ha13ds08639hx3b0hldp1-argocd-2.11.0",
              "default": true
            }
          ],
          "store_path": "/nix/store/2l1zd0b0pk6ha13ds08639hx3b0hldp1-argocd-2.11.0"
        },
        "x86_64-linux": {
          "outputs": [
            {
              "name": "out",
              "path": "/nix/store/apbif27rqj962l09ajfxfmrc2mwj2f6n-argocd-2.11.0",
              "default": true
            }
          ],
          "store_path": "/nix/store/apbif27rqj962l09ajfxfmrc2mwj2f6n-argocd-2.11.0"
        }
      }
    },
    "fluxcd@latest": {
      "last_modified": "2024-05-17T18:08:26Z",
      "resolved": "github:NixOS/nixpkgs/0837fbf227364d79cbae8fff2378125526905cbe#fluxcd",
      "source": "devbox-search",
      "version": "2.3.0",
      "systems": {
        "aarch64-darwin": {
          "outputs": [
            {
              "name": "out",
              "path": "/nix/store/xn4aa6ccq155snyr38nz6glxdbciibwc-fluxcd-2.3.0",
              "default": true
            }
          ],
          "store_path": "/nix/store/xn4aa6ccq155snyr38nz6glxdbciibwc-fluxcd-2.3.0"
        },
        "aarch64-linux": {
          "outputs": [
            {
              "name": "out",
              "path": "/nix/store/p0lkh0g4bz6zm7wggsycblb8ivyp1wrl-fluxcd-2.3.0",
              "default": true
            }
          ],
          "store_path": "/nix/store/p0lkh0g4bz6zm7wggsycblb8ivyp1wrl-fluxcd-2.3.0"
        },
        "x86_64-darwin": {
          "outputs": [
            {
              "name": "out",
              "path": "/nix/store/nzi3f6mqshxg3lc5wvp9f8h1cbvsqwlv-fluxcd-2.3.0",
              "default": true
            }
          ],
          "store_path": "/nix/store/nzi3f6mqshxg3lc5wvp9f8h1cbvsqwlv-fluxcd-2.3.0"
        },
        "x86_64-linux": {
          "outputs": [
            {
              "name": "out",
              "path": "/nix/store/6b15aai8498fmpxpdnypd56yfr24707j-fluxcd-2.3.0",
              "default": true
            }
          ],
          "store_path": "/nix/store/6b15aai8498fmpxpdnypd56yfr24707j-fluxcd-2.3.0"
        }
      }
    },
    "just@latest": {
      "last_modified": "2024-05-17T18:08:26Z",
      "resolved": "github:NixOS/nixpkgs/0837fbf227364d79cbae8fff2378125526905cbe#just",
      "source": "devbox-search",
      "version": "1.26.0",
      "systems": {
        "aarch64-darwin": {
          "outputs": [
            {
              "name": "out",
              "path": "/nix/store/i8qm7fb6s79kanxpbbv1jpl052isq138-just-1.26.0",
              "default": true
            },
            {
              "name": "man",
              "path": "/nix/store/qlpvmnxmkv02469fij9w15ny90iy4v66-just-1.26.0-man",
              "default": true
            },
            {
              "name": "doc",
              "path": "/nix/store/3jch0iscr56hlnf8jm2j4mlsksgawm7k-just-1.26.0-doc"
            }
          ],
          "store_path": "/nix/store/i8qm7fb6s79kanxpbbv1jpl052isq138-just-1.26.0"
        },
        "aarch64-linux": {
          "outputs": [
            {
              "name": "out",
              "path": "/nix/store/nn165y23xqvrg8zipj3fgdvgjbn1z224-just-1.26.0",
              "default": true
            },
            {
              "name": "man",
              "path": "/nix/store/wqin0271x6m2jqi8a8m0b28f6drr14y8-just-1.26.0-man",
              "default": true
            },
            {
              "name": "doc",
              "path": "/nix/store/idgbs166rd906lfndvjz46vlrpascgyz-just-1.26.0-doc"
            }
          ],
          "store_path": "/nix/store/nn165y23xqvrg8zipj3fgdvgjbn1z224-just-1.26.0"
        },
        "x86_64-darwin": {
          "outputs": [
            {
              "name": "out",
              "path": "/nix/store/ydxqcdnc8rjvy2svdcd11r993k53i8sm-just-1.26.0",
              "default": true
            },
            {
              "name": "man",
              "path": "/nix/store/h1jngqg933mfi2h2qwpab038xdmzjp32-just-1.26.0-man",
              "default": true
            },
            {
              "name": "doc",
              "path": "/nix/store/r9fiyz2yz27hyhc4jc7bgsw7ild9jxvy-just-1.26.0-doc"
            }
          ],
          "store_path": "/nix/store/ydxqcdnc8rjvy2svdcd11r993k53i8sm-just-1.26.0"
        },
        "x86_64-linux": {
          "outputs": [
            {
              "name": "out",
              "path": "/nix/store/mqzd6l14hz2hsy9d45g1riwz8v6mvs02-just-1.26.0",
              "default": true
            },
            {
              "name": "man",
              "path": "/nix/store/qzb79krblmkz7hmp7crvraw36jhw5qrq-just-1.26.0-man",
              "default": true
            },
            {
              "name": "doc",
              "path": "/nix/store/abcmwnxpjfnb52di04wfni0ai51qgl0f-just-1.26.0-doc"
            }
          ],
          "store_path": "/nix/store/mqzd6l14hz2hsy9d45g1riwz8v6mvs02-just-1.26.0"
        }
      }
    },
    "kubectl@latest": {
      "last_modified": "2024-05-17T18:08:26Z",
      "resolved": "github:NixOS/nixpkgs/0837fbf227364d79cbae8fff2378125526905cbe#kubectl",
      "source": "devbox-search",
      "version": "1.30.1",
      "systems": {
        "aarch64-darwin": {
          "outputs": [
            {
              "name": "out",
              "path": "/nix/store/wrpbbz77yk84r5pk36fn469q5y9hpxms-kubectl-1.30.1",
              "default": true
            },
            {
              "name": "man",
              "path": "/nix/store/wvrbv96r915ssaw09c9wj8xsqp0rg0x2-kubectl-1.30.1-man",
              "default": true
            },
            {
              "name": "convert",
              "path": "/nix/store/z27q44mkfssb704nx0168lsqlxz5vy8a-kubectl-1.30.1-convert"
            }
          ],
          "store_path": "/nix/store/wrpbbz77yk84r5pk36fn469q5y9hpxms-kubectl-1.30.1"
        },
        "aarch64-linux": {
          "outputs": [
            {
              "name": "out",
              "path": "/nix/store/xah8iz7brfms9zllnaf1rpmf9ihn41za-kubectl-1.30.1",
              "default": true
            },
            {
              "name": "man",
              "path": "/nix/store/b1903js3paa8lwjsdcd68pv43pwxnl9a-kubectl-1.30.1-man",
              "default": true
            },
            {
              "name": "convert",
              "path": "/nix/store/iwvm4ybhxn00bhmskjgq601051rkvphx-kubectl-1.30.1-convert"
            }
          ],
          "store_path": "/nix/store/xah8iz7brfms9zllnaf1rpmf9ihn41za-kubectl-1.30.1"
        },
        "x86_64-darwin": {
          "outputs": [
            {
              "name": "out",
              "path": "/nix/store/c4q06h9w6288lcjp8vj30gkvqwjjwqaz-kubectl-1.30.1",
              "default": true
            },
            {
              "name": "man",
              "path": "/nix/store/31wm58wiinklq5rva4lpycm2mwhlv606-kubectl-1.30.1-man",
              "default": true
            },
            {
              "name": "convert",
              "path": "/nix/store/qjspnv76bwlj956jni1j62yq7qh261gq-kubectl-1.30.1-convert"
            }
          ],
          "store_path": "/nix/store/c4q06h9w6288lcjp8vj30gkvqwjjwqaz-kubectl-1.30.1"
        },
        "x86_64-linux": {
          "outputs": [
            {
              "name": "out",
              "path": "/nix/store/faakmnmx9q8nhi890f4zsls4js4b8pfy-kubectl-1.30.1",
              "default": true
            },
            {
              "name": "man",
              "path": "/nix/store/aiszaxdqhn41rfb3y7z2853il1qp01sc-kubectl-1.30.1-man",
              "default": true
            },
            {
              "name": "convert",
              "path": "/nix/store/bp7lqx3ibnc01f73y0z7yy80lwk108gy-kubectl-1.30.1-convert"
            }
          ],
          "store_path": "/nix/store/faakmnmx9q8nhi890f4zsls4js4b8pfy-kubectl-1.30.1"
        }
      }
    },
    "nodejs@22": {
      "last_modified": "2024-05-17T18:08:26Z",
      "plugin_version": "0.0.2",
      "resolved": "github:NixOS/nixpkgs/0837fbf227364d79cbae8fff2378125526905cbe#nodejs_22",
      "source": "devbox-search",
      "version": "22.2.0",
      "systems": {
        "aarch64-darwin": {
          "outputs": [
            {
              "name": "out",
              "path": "/nix/store/g2mifb3z2wka9fhlzff0qzvjwxnhnig1-nodejs-22.2.0",
              "default": true
            },
            {
              "name": "libv8",
              "path": "/nix/store/hjffpl4s3j5qv8iinqlvcwx95pfr2ddi-nodejs-22.2.0-libv8"
            }
          ],
          "store_path": "/nix/store/g2mifb3z2wka9fhlzff0qzvjwxnhnig1-nodejs-22.2.0"
        },
        "aarch64-linux": {
          "outputs": [
            {
              "name": "out",
              "path": "/nix/store/01d6ijxb8cjqfbs4xab1x9kf48bvwz7s-nodejs-22.2.0",
              "default": true
            },
            {
              "name": "libv8",
              "path": "/nix/store/6lfcrb10vjw77vyyqq1pl88nk3cv36f7-nodejs-22.2.0-libv8"
            }
          ],
          "store_path": "/nix/store/01d6ijxb8cjqfbs4xab1x9kf48bvwz7s-nodejs-22.2.0"
        },
        "x86_64-darwin": {
          "outputs": [
            {
              "name": "out",
              "path": "/nix/store/lms38zag8ar0qinik8qbzpcwl7j5il7y-nodejs-22.2.0",
              "default": true
            },
            {
              "name": "libv8",
              "path": "/nix/store/as38kl6lz476v0aqzmqfs3m7dhi1v9bj-nodejs-22.2.0-libv8"
            }
          ],
          "store_path": "/nix/store/lms38zag8ar0qinik8qbzpcwl7j5il7y-nodejs-22.2.0"
        },
        "x86_64-linux": {
          "outputs": [
            {
              "name": "out",
              "path": "/nix/store/m27q12bf02cz5d430382nbd700d0fx8z-nodejs-22.2.0",
              "default": true
            },
            {
              "name": "libv8",
              "path": "/nix/store/3yhqvipi5hrxg9ykrvksxb9lm63xrfib-nodejs-22.2.0-libv8"
            }
          ],
          "store_path": "/nix/store/m27q12bf02cz5d430382nbd700d0fx8z-nodejs-22.2.0"
        }
      }
    },
    "pulumi-bin@latest": {
      "last_modified": "2024-05-22T06:18:38Z",
      "resolved": "github:NixOS/nixpkgs/3f316d2a50699a78afe5e77ca486ad553169061e#pulumi-bin",
      "source": "devbox-search",
      "version": "3.116.1",
      "systems": {
        "aarch64-darwin": {
          "outputs": [
            {
              "name": "out",
              "path": "/nix/store/kcyqxw15mxd4accfc6m6614qmw3bgjbj-pulumi-3.116.1",
              "default": true
            }
          ],
          "store_path": "/nix/store/kcyqxw15mxd4accfc6m6614qmw3bgjbj-pulumi-3.116.1"
        },
        "aarch64-linux": {
          "outputs": [
            {
              "name": "out",
              "path": "/nix/store/r3ln2b37zbiid1jd29nxwrvicbcy7shd-pulumi-3.116.1",
              "default": true
            }
          ],
          "store_path": "/nix/store/r3ln2b37zbiid1jd29nxwrvicbcy7shd-pulumi-3.116.1"
        },
        "x86_64-darwin": {
          "outputs": [
            {
              "name": "out",
              "path": "/nix/store/vwfky7ccmwsyd53k40hw9k6gyrxssprj-pulumi-3.116.1",
              "default": true
            }
          ],
          "store_path": "/nix/store/vwfky7ccmwsyd53k40hw9k6gyrxssprj-pulumi-3.116.1"
        },
        "x86_64-linux": {
          "outputs": [
            {
              "name": "out",
              "path": "/nix/store/w2gass6k96l20i5qf1paav1qckrm8j0n-pulumi-3.116.1",
              "default": true
            }
          ],
          "store_path": "/nix/store/w2gass6k96l20i5qf1paav1qckrm8j0n-pulumi-3.116.1"
        }
      }
    }
  }
}
